
Microsoft Visual Studio Solution File, Format Version 12.00
# Visual Studio 15
VisualStudioVersion = 15.0.28307.168
MinimumVisualStudioVersion = 10.0.40219.1
Project("{FAE04EC0-301F-11D3-BF4B-00C04F79EFBC}") = "QuizApp", "QuizApp\QuizApp.csproj", "{8D7CA567-9D1A-402D-88E3-1AC2FF44D941}"
EndProject
Global
	GlobalSection(SolutionConfigurationPlatforms) = preSolution
		Debug|Any CPU = Debug|Any CPU
		Release|Any CPU = Release|Any CPU
	EndGlobalSection
	GlobalSection(ProjectConfigurationPlatforms) = postSolution
		{8D7CA567-9D1A-402D-88E3-1AC2FF44D941}.Debug|Any CPU.ActiveCfg = Debug|Any CPU
		{8D7CA567-9D1A-402D-88E3-1AC2FF44D941}.Debug|Any CPU.Build.0 = Debug|Any CPU
		{8D7CA567-9D1A-402D-88E3-1AC2FF44D941}.Release|Any CPU.ActiveCfg = Release|Any CPU
		{8D7CA567-9D1A-402D-88E3-1AC2FF44D941}.Release|Any CPU.Build.0 = Release|Any CPU
	EndGlobalSection
	GlobalSection(SolutionProperties) = preSolution
		HideSolutionNode = FALSE
	EndGlobalSection
	GlobalSection(ExtensibilityGlobals) = postSolution
		SolutionGuid = {5588D5F3-B853-4573-8089-40B5EFD70BB1}
	EndGlobalSection
EndGlobal
